
Microsoft Visual Studio Solution File, Format Version 12.00
# Visual Studio 15
VisualStudioVersion = 15.0.27703.2026
MinimumVisualStudioVersion = 10.0.40219.1
Project("{FAE04EC0-301F-11D3-BF4B-00C04F79EFBC}") = "Diziler2", "Diziler2\Diziler2.csproj", "{3678DC3D-F10A-40F1-8719-22A419ED5FB1}"
EndProject
Global
	GlobalSection(SolutionConfigurationPlatforms) = preSolution
		Debug|Any CPU = Debug|Any CPU
		Release|Any CPU = Release|Any CPU
	EndGlobalSection
	GlobalSection(ProjectConfigurationPlatforms) = postSolution
		{3678DC3D-F10A-40F1-8719-22A419ED5FB1}.Debug|Any CPU.ActiveCfg = Debug|Any CPU
		{3678DC3D-F10A-40F1-8719-22A419ED5FB1}.Debug|Any CPU.Build.0 = Debug|Any CPU
		{3678DC3D-F10A-40F1-8719-22A419ED5FB1}.Release|Any CPU.ActiveCfg = Release|Any CPU
		{3678DC3D-F10A-40F1-8719-22A419ED5FB1}.Release|Any CPU.Build.0 = Release|Any CPU
	EndGlobalSection
	GlobalSection(SolutionProperties) = preSolution
		HideSolutionNode = FALSE
	EndGlobalSection
	GlobalSection(ExtensibilityGlobals) = postSolution
		SolutionGuid = {211E859C-2875-4B3B-AF59-CCE30788209C}
	EndGlobalSection
EndGlobal
