
Microsoft Visual Studio Solution File, Format Version 12.00
# Visual Studio 15
VisualStudioVersion = 15.0.27703.2026
MinimumVisualStudioVersion = 10.0.40219.1
Project("{FAE04EC0-301F-11D3-BF4B-00C04F79EFBC}") = "Captcha", "Captcha\Captcha.csproj", "{C9AF6626-F883-4F72-A6C8-82DEC7270C37}"
EndProject
Global
	GlobalSection(SolutionConfigurationPlatforms) = preSolution
		Debug|Any CPU = Debug|Any CPU
		Release|Any CPU = Release|Any CPU
	EndGlobalSection
	GlobalSection(ProjectConfigurationPlatforms) = postSolution
		{C9AF6626-F883-4F72-A6C8-82DEC7270C37}.Debug|Any CPU.ActiveCfg = Debug|Any CPU
		{C9AF6626-F883-4F72-A6C8-82DEC7270C37}.Debug|Any CPU.Build.0 = Debug|Any CPU
		{C9AF6626-F883-4F72-A6C8-82DEC7270C37}.Release|Any CPU.ActiveCfg = Release|Any CPU
		{C9AF6626-F883-4F72-A6C8-82DEC7270C37}.Release|Any CPU.Build.0 = Release|Any CPU
	EndGlobalSection
	GlobalSection(SolutionProperties) = preSolution
		HideSolutionNode = FALSE
	EndGlobalSection
	GlobalSection(ExtensibilityGlobals) = postSolution
		SolutionGuid = {C7E3196A-B206-4CC5-917C-23799D8D1FCE}
	EndGlobalSection
EndGlobal
