
Microsoft Visual Studio Solution File, Format Version 12.00
# Visual Studio 15
VisualStudioVersion = 15.0.27703.2026
MinimumVisualStudioVersion = 10.0.40219.1
Project("{FAE04EC0-301F-11D3-BF4B-00C04F79EFBC}") = "Sinif_ornek", "Sinif_ornek\Sinif_ornek.csproj", "{7C780249-180E-460E-B518-C619ADA85800}"
EndProject
Global
	GlobalSection(SolutionConfigurationPlatforms) = preSolution
		Debug|Any CPU = Debug|Any CPU
		Release|Any CPU = Release|Any CPU
	EndGlobalSection
	GlobalSection(ProjectConfigurationPlatforms) = postSolution
		{7C780249-180E-460E-B518-C619ADA85800}.Debug|Any CPU.ActiveCfg = Debug|Any CPU
		{7C780249-180E-460E-B518-C619ADA85800}.Debug|Any CPU.Build.0 = Debug|Any CPU
		{7C780249-180E-460E-B518-C619ADA85800}.Release|Any CPU.ActiveCfg = Release|Any CPU
		{7C780249-180E-460E-B518-C619ADA85800}.Release|Any CPU.Build.0 = Release|Any CPU
	EndGlobalSection
	GlobalSection(SolutionProperties) = preSolution
		HideSolutionNode = FALSE
	EndGlobalSection
	GlobalSection(ExtensibilityGlobals) = postSolution
		SolutionGuid = {018694AF-20C7-4C29-BC2B-B7922D1F8776}
	EndGlobalSection
EndGlobal
