
Microsoft Visual Studio Solution File, Format Version 12.00
# Visual Studio 15
VisualStudioVersion = 15.0.27703.2026
MinimumVisualStudioVersion = 10.0.40219.1
Project("{FAE04EC0-301F-11D3-BF4B-00C04F79EFBC}") = "MenuStrip_Kullanimi", "MenuStrip_Kullanimi\MenuStrip_Kullanimi.csproj", "{20AA469B-FBB2-49D9-833C-672426DD1F82}"
EndProject
Global
	GlobalSection(SolutionConfigurationPlatforms) = preSolution
		Debug|Any CPU = Debug|Any CPU
		Release|Any CPU = Release|Any CPU
	EndGlobalSection
	GlobalSection(ProjectConfigurationPlatforms) = postSolution
		{20AA469B-FBB2-49D9-833C-672426DD1F82}.Debug|Any CPU.ActiveCfg = Debug|Any CPU
		{20AA469B-FBB2-49D9-833C-672426DD1F82}.Debug|Any CPU.Build.0 = Debug|Any CPU
		{20AA469B-FBB2-49D9-833C-672426DD1F82}.Release|Any CPU.ActiveCfg = Release|Any CPU
		{20AA469B-FBB2-49D9-833C-672426DD1F82}.Release|Any CPU.Build.0 = Release|Any CPU
	EndGlobalSection
	GlobalSection(SolutionProperties) = preSolution
		HideSolutionNode = FALSE
	EndGlobalSection
	GlobalSection(ExtensibilityGlobals) = postSolution
		SolutionGuid = {AC2E2A2E-E57D-4748-BDD2-D99B0854D399}
	EndGlobalSection
EndGlobal
