
Microsoft Visual Studio Solution File, Format Version 12.00
# Visual Studio 15
VisualStudioVersion = 15.0.27703.2026
MinimumVisualStudioVersion = 10.0.40219.1
Project("{FAE04EC0-301F-11D3-BF4B-00C04F79EFBC}") = "Metin_Belgesi_Kayıt", "Metin_Belgesi_Kayıt\Metin_Belgesi_Kayıt.csproj", "{9155D613-3B97-4014-8D83-227FD487897D}"
EndProject
Global
	GlobalSection(SolutionConfigurationPlatforms) = preSolution
		Debug|Any CPU = Debug|Any CPU
		Release|Any CPU = Release|Any CPU
	EndGlobalSection
	GlobalSection(ProjectConfigurationPlatforms) = postSolution
		{9155D613-3B97-4014-8D83-227FD487897D}.Debug|Any CPU.ActiveCfg = Debug|Any CPU
		{9155D613-3B97-4014-8D83-227FD487897D}.Debug|Any CPU.Build.0 = Debug|Any CPU
		{9155D613-3B97-4014-8D83-227FD487897D}.Release|Any CPU.ActiveCfg = Release|Any CPU
		{9155D613-3B97-4014-8D83-227FD487897D}.Release|Any CPU.Build.0 = Release|Any CPU
	EndGlobalSection
	GlobalSection(SolutionProperties) = preSolution
		HideSolutionNode = FALSE
	EndGlobalSection
	GlobalSection(ExtensibilityGlobals) = postSolution
		SolutionGuid = {B264F88A-7102-4011-A436-03916226A21B}
	EndGlobalSection
EndGlobal
