
Microsoft Visual Studio Solution File, Format Version 12.00
# Visual Studio 15
VisualStudioVersion = 15.0.27703.2026
MinimumVisualStudioVersion = 10.0.40219.1
Project("{FAE04EC0-301F-11D3-BF4B-00C04F79EFBC}") = "Kitaplık_Proje", "Kitaplık_Proje\Kitaplık_Proje.csproj", "{4A1FE1B5-D0E2-44E7-A441-A8F69884176D}"
EndProject
Global
	GlobalSection(SolutionConfigurationPlatforms) = preSolution
		Debug|Any CPU = Debug|Any CPU
		Release|Any CPU = Release|Any CPU
	EndGlobalSection
	GlobalSection(ProjectConfigurationPlatforms) = postSolution
		{4A1FE1B5-D0E2-44E7-A441-A8F69884176D}.Debug|Any CPU.ActiveCfg = Debug|Any CPU
		{4A1FE1B5-D0E2-44E7-A441-A8F69884176D}.Debug|Any CPU.Build.0 = Debug|Any CPU
		{4A1FE1B5-D0E2-44E7-A441-A8F69884176D}.Release|Any CPU.ActiveCfg = Release|Any CPU
		{4A1FE1B5-D0E2-44E7-A441-A8F69884176D}.Release|Any CPU.Build.0 = Release|Any CPU
	EndGlobalSection
	GlobalSection(SolutionProperties) = preSolution
		HideSolutionNode = FALSE
	EndGlobalSection
	GlobalSection(ExtensibilityGlobals) = postSolution
		SolutionGuid = {0EFB7DD4-3FCB-4D54-93A4-D9A358CB9ECF}
	EndGlobalSection
EndGlobal
