
Microsoft Visual Studio Solution File, Format Version 12.00
# Visual Studio 15
VisualStudioVersion = 15.0.27703.2026
MinimumVisualStudioVersion = 10.0.40219.1
Project("{FAE04EC0-301F-11D3-BF4B-00C04F79EFBC}") = "Point", "Point\Point.csproj", "{5CA133B0-3AC0-4B52-A92C-C1DEB233230E}"
EndProject
Global
	GlobalSection(SolutionConfigurationPlatforms) = preSolution
		Debug|Any CPU = Debug|Any CPU
		Release|Any CPU = Release|Any CPU
	EndGlobalSection
	GlobalSection(ProjectConfigurationPlatforms) = postSolution
		{5CA133B0-3AC0-4B52-A92C-C1DEB233230E}.Debug|Any CPU.ActiveCfg = Debug|Any CPU
		{5CA133B0-3AC0-4B52-A92C-C1DEB233230E}.Debug|Any CPU.Build.0 = Debug|Any CPU
		{5CA133B0-3AC0-4B52-A92C-C1DEB233230E}.Release|Any CPU.ActiveCfg = Release|Any CPU
		{5CA133B0-3AC0-4B52-A92C-C1DEB233230E}.Release|Any CPU.Build.0 = Release|Any CPU
	EndGlobalSection
	GlobalSection(SolutionProperties) = preSolution
		HideSolutionNode = FALSE
	EndGlobalSection
	GlobalSection(ExtensibilityGlobals) = postSolution
		SolutionGuid = {E56901E3-A3A5-44C3-AB55-ACD9027152DB}
	EndGlobalSection
EndGlobal
